
Microsoft Visual Studio Solution File, Format Version 12.00
# Visual Studio Version 16
VisualStudioVersion = 16.0.30503.244
MinimumVisualStudioVersion = 10.0.40219.1
Project("{FAE04EC0-301F-11D3-BF4B-00C04F79EFBC}") = "Day2ErrorDebuging", "Day2ErrorDebuging\Day2ErrorDebuging.csproj", "{C7C24B32-5434-44BA-8DEF-9675B90DDB5F}"
EndProject
Global
	GlobalSection(SolutionConfigurationPlatforms) = preSolution
		Debug|Any CPU = Debug|Any CPU
		Release|Any CPU = Release|Any CPU
	EndGlobalSection
	GlobalSection(ProjectConfigurationPlatforms) = postSolution
		{C7C24B32-5434-44BA-8DEF-9675B90DDB5F}.Debug|Any CPU.ActiveCfg = Debug|Any CPU
		{C7C24B32-5434-44BA-8DEF-9675B90DDB5F}.Debug|Any CPU.Build.0 = Debug|Any CPU
		{C7C24B32-5434-44BA-8DEF-9675B90DDB5F}.Release|Any CPU.ActiveCfg = Release|Any CPU
		{C7C24B32-5434-44BA-8DEF-9675B90DDB5F}.Release|Any CPU.Build.0 = Release|Any CPU
	EndGlobalSection
	GlobalSection(SolutionProperties) = preSolution
		HideSolutionNode = FALSE
	EndGlobalSection
	GlobalSection(ExtensibilityGlobals) = postSolution
		SolutionGuid = {FC2B5E14-7BD9-46CE-B6BC-3F2FFC7D6085}
	EndGlobalSection
EndGlobal
